
Microsoft Visual Studio Solution File, Format Version 12.00
# Visual Studio 15
VisualStudioVersion = 15.0.28307.1259
MinimumVisualStudioVersion = 10.0.40219.1
Project("{9A19103F-16F7-4668-BE54-9A1E7A4F7556}") = "FondaCatiuxca", "FondaCatiuxca\FondaCatiuxca.csproj", "{ABFA062A-F42F-4542-8A85-5CE241847ED7}"
EndProject
Project("{2150E333-8FDC-42A3-9474-1A3956D46DE8}") = "1. UI", "1. UI", "{FE06167E-D6EE-4951-923D-2E23C3023C4E}"
EndProject
Project("{2150E333-8FDC-42A3-9474-1A3956D46DE8}") = "2. Business", "2. Business", "{5D71744F-C9B0-42B4-B3EF-2AA5C334C10F}"
EndProject
Project("{2150E333-8FDC-42A3-9474-1A3956D46DE8}") = "3. Data", "3. Data", "{A57CC615-6009-4A40-97BC-0FFBD6D38F75}"
EndProject
Project("{9A19103F-16F7-4668-BE54-9A1E7A4F7556}") = "DataFondaCatiuxca", "DataFondaCatiuxca\DataFondaCatiuxca.csproj", "{EB7F5167-6E2E-4B47-A6DB-32E81672A6E6}"
EndProject
Project("{9A19103F-16F7-4668-BE54-9A1E7A4F7556}") = "EntityFondaCatiuxca", "EntityFondaCatiuxca\EntityFondaCatiuxca.csproj", "{637C9E36-5E0A-4C41-AC19-56001AE16ACC}"
EndProject
Project("{9A19103F-16F7-4668-BE54-9A1E7A4F7556}") = "FondaCatiuxcaMVC", "FondaCatiuxcaMVC\FondaCatiuxcaMVC.csproj", "{75828FA5-32F3-4E87-AE8C-D74FB862BF79}"
EndProject
Global
	GlobalSection(SolutionConfigurationPlatforms) = preSolution
		Debug|Any CPU = Debug|Any CPU
		Release|Any CPU = Release|Any CPU
	EndGlobalSection
	GlobalSection(ProjectConfigurationPlatforms) = postSolution
		{ABFA062A-F42F-4542-8A85-5CE241847ED7}.Debug|Any CPU.ActiveCfg = Debug|Any CPU
		{ABFA062A-F42F-4542-8A85-5CE241847ED7}.Debug|Any CPU.Build.0 = Debug|Any CPU
		{ABFA062A-F42F-4542-8A85-5CE241847ED7}.Release|Any CPU.ActiveCfg = Release|Any CPU
		{ABFA062A-F42F-4542-8A85-5CE241847ED7}.Release|Any CPU.Build.0 = Release|Any CPU
		{EB7F5167-6E2E-4B47-A6DB-32E81672A6E6}.Debug|Any CPU.ActiveCfg = Debug|Any CPU
		{EB7F5167-6E2E-4B47-A6DB-32E81672A6E6}.Debug|Any CPU.Build.0 = Debug|Any CPU
		{EB7F5167-6E2E-4B47-A6DB-32E81672A6E6}.Release|Any CPU.ActiveCfg = Release|Any CPU
		{EB7F5167-6E2E-4B47-A6DB-32E81672A6E6}.Release|Any CPU.Build.0 = Release|Any CPU
		{637C9E36-5E0A-4C41-AC19-56001AE16ACC}.Debug|Any CPU.ActiveCfg = Debug|Any CPU
		{637C9E36-5E0A-4C41-AC19-56001AE16ACC}.Debug|Any CPU.Build.0 = Debug|Any CPU
		{637C9E36-5E0A-4C41-AC19-56001AE16ACC}.Release|Any CPU.ActiveCfg = Release|Any CPU
		{637C9E36-5E0A-4C41-AC19-56001AE16ACC}.Release|Any CPU.Build.0 = Release|Any CPU
		{75828FA5-32F3-4E87-AE8C-D74FB862BF79}.Debug|Any CPU.ActiveCfg = Debug|Any CPU
		{75828FA5-32F3-4E87-AE8C-D74FB862BF79}.Debug|Any CPU.Build.0 = Debug|Any CPU
		{75828FA5-32F3-4E87-AE8C-D74FB862BF79}.Release|Any CPU.ActiveCfg = Release|Any CPU
		{75828FA5-32F3-4E87-AE8C-D74FB862BF79}.Release|Any CPU.Build.0 = Release|Any CPU
	EndGlobalSection
	GlobalSection(SolutionProperties) = preSolution
		HideSolutionNode = FALSE
	EndGlobalSection
	GlobalSection(NestedProjects) = preSolution
		{ABFA062A-F42F-4542-8A85-5CE241847ED7} = {FE06167E-D6EE-4951-923D-2E23C3023C4E}
		{EB7F5167-6E2E-4B47-A6DB-32E81672A6E6} = {A57CC615-6009-4A40-97BC-0FFBD6D38F75}
		{637C9E36-5E0A-4C41-AC19-56001AE16ACC} = {5D71744F-C9B0-42B4-B3EF-2AA5C334C10F}
		{75828FA5-32F3-4E87-AE8C-D74FB862BF79} = {FE06167E-D6EE-4951-923D-2E23C3023C4E}
	EndGlobalSection
	GlobalSection(ExtensibilityGlobals) = postSolution
		SolutionGuid = {0BBB55E5-647B-4C8A-B098-7984F3D9E688}
	EndGlobalSection
EndGlobal
